
Microsoft Visual Studio Solution File, Format Version 12.00
# Visual Studio Version 16
VisualStudioVersion = 16.0.29911.84
MinimumVisualStudioVersion = 10.0.40219.1
Project("{8BC9CEB8-8B4A-11D0-8D11-00A0C91BC942}") = "REP3_2", "REP3_2\REP3_2.vcxproj", "{CD9E842E-9D9B-4297-AA30-D3058338EB17}"
EndProject
Project("{8BC9CEB8-8B4A-11D0-8D11-00A0C91BC942}") = "REP3_3", "REP3_3\REP3_3.vcxproj", "{ED0FFDC2-8CDC-4C43-BE82-CD3F0862E74B}"
EndProject
Project("{8BC9CEB8-8B4A-11D0-8D11-00A0C91BC942}") = "REP3_4", "REP3_4\REP3_4.vcxproj", "{1A1663C1-3A4E-4154-9807-4AF81C28F40E}"
EndProject
Project("{8BC9CEB8-8B4A-11D0-8D11-00A0C91BC942}") = "REP3_5", "REP3_5\REP3_5.vcxproj", "{0CB830CD-B9A0-470B-BC69-55E7A0731A5A}"
EndProject
Project("{8BC9CEB8-8B4A-11D0-8D11-00A0C91BC942}") = "REP3_6", "REP3_6\REP3_6.vcxproj", "{306EC1F7-0694-4463-9B06-5F3FC1FDA1D1}"
EndProject
Project("{8BC9CEB8-8B4A-11D0-8D11-00A0C91BC942}") = "REP3_7", "REP3_7\REP3_7.vcxproj", "{0A3759E1-1E4C-4653-9DD9-61A9A3704D08}"
EndProject
Project("{8BC9CEB8-8B4A-11D0-8D11-00A0C91BC942}") = "REP3_1", "REP3_1\REP3_1.vcxproj", "{56579E14-1DDE-4FA7-B867-E2AF73659FDA}"
EndProject
Global
	GlobalSection(SolutionConfigurationPlatforms) = preSolution
		Debug|x64 = Debug|x64
		Debug|x86 = Debug|x86
		Release|x64 = Release|x64
		Release|x86 = Release|x86
	EndGlobalSection
	GlobalSection(ProjectConfigurationPlatforms) = postSolution
		{CD9E842E-9D9B-4297-AA30-D3058338EB17}.Debug|x64.ActiveCfg = Debug|x64
		{CD9E842E-9D9B-4297-AA30-D3058338EB17}.Debug|x64.Build.0 = Debug|x64
		{CD9E842E-9D9B-4297-AA30-D3058338EB17}.Debug|x86.ActiveCfg = Debug|Win32
		{CD9E842E-9D9B-4297-AA30-D3058338EB17}.Debug|x86.Build.0 = Debug|Win32
		{CD9E842E-9D9B-4297-AA30-D3058338EB17}.Release|x64.ActiveCfg = Release|x64
		{CD9E842E-9D9B-4297-AA30-D3058338EB17}.Release|x64.Build.0 = Release|x64
		{CD9E842E-9D9B-4297-AA30-D3058338EB17}.Release|x86.ActiveCfg = Release|Win32
		{CD9E842E-9D9B-4297-AA30-D3058338EB17}.Release|x86.Build.0 = Release|Win32
		{ED0FFDC2-8CDC-4C43-BE82-CD3F0862E74B}.Debug|x64.ActiveCfg = Debug|x64
		{ED0FFDC2-8CDC-4C43-BE82-CD3F0862E74B}.Debug|x64.Build.0 = Debug|x64
		{ED0FFDC2-8CDC-4C43-BE82-CD3F0862E74B}.Debug|x86.ActiveCfg = Debug|Win32
		{ED0FFDC2-8CDC-4C43-BE82-CD3F0862E74B}.Debug|x86.Build.0 = Debug|Win32
		{ED0FFDC2-8CDC-4C43-BE82-CD3F0862E74B}.Release|x64.ActiveCfg = Release|x64
		{ED0FFDC2-8CDC-4C43-BE82-CD3F0862E74B}.Release|x64.Build.0 = Release|x64
		{ED0FFDC2-8CDC-4C43-BE82-CD3F0862E74B}.Release|x86.ActiveCfg = Release|Win32
		{ED0FFDC2-8CDC-4C43-BE82-CD3F0862E74B}.Release|x86.Build.0 = Release|Win32
		{1A1663C1-3A4E-4154-9807-4AF81C28F40E}.Debug|x64.ActiveCfg = Debug|x64
		{1A1663C1-3A4E-4154-9807-4AF81C28F40E}.Debug|x64.Build.0 = Debug|x64
		{1A1663C1-3A4E-4154-9807-4AF81C28F40E}.Debug|x86.ActiveCfg = Debug|Win32
		{1A1663C1-3A4E-4154-9807-4AF81C28F40E}.Debug|x86.Build.0 = Debug|Win32
		{1A1663C1-3A4E-4154-9807-4AF81C28F40E}.Release|x64.ActiveCfg = Release|x64
		{1A1663C1-3A4E-4154-9807-4AF81C28F40E}.Release|x64.Build.0 = Release|x64
		{1A1663C1-3A4E-4154-9807-4AF81C28F40E}.Release|x86.ActiveCfg = Release|Win32
		{1A1663C1-3A4E-4154-9807-4AF81C28F40E}.Release|x86.Build.0 = Release|Win32
		{0CB830CD-B9A0-470B-BC69-55E7A0731A5A}.Debug|x64.ActiveCfg = Debug|x64
		{0CB830CD-B9A0-470B-BC69-55E7A0731A5A}.Debug|x64.Build.0 = Debug|x64
		{0CB830CD-B9A0-470B-BC69-55E7A0731A5A}.Debug|x86.ActiveCfg = Debug|Win32
		{0CB830CD-B9A0-470B-BC69-55E7A0731A5A}.Debug|x86.Build.0 = Debug|Win32
		{0CB830CD-B9A0-470B-BC69-55E7A0731A5A}.Release|x64.ActiveCfg = Release|x64
		{0CB830CD-B9A0-470B-BC69-55E7A0731A5A}.Release|x64.Build.0 = Release|x64
		{0CB830CD-B9A0-470B-BC69-55E7A0731A5A}.Release|x86.ActiveCfg = Release|Win32
		{0CB830CD-B9A0-470B-BC69-55E7A0731A5A}.Release|x86.Build.0 = Release|Win32
		{306EC1F7-0694-4463-9B06-5F3FC1FDA1D1}.Debug|x64.ActiveCfg = Debug|x64
		{306EC1F7-0694-4463-9B06-5F3FC1FDA1D1}.Debug|x64.Build.0 = Debug|x64
		{306EC1F7-0694-4463-9B06-5F3FC1FDA1D1}.Debug|x86.ActiveCfg = Debug|Win32
		{306EC1F7-0694-4463-9B06-5F3FC1FDA1D1}.Debug|x86.Build.0 = Debug|Win32
		{306EC1F7-0694-4463-9B06-5F3FC1FDA1D1}.Release|x64.ActiveCfg = Release|x64
		{306EC1F7-0694-4463-9B06-5F3FC1FDA1D1}.Release|x64.Build.0 = Release|x64
		{306EC1F7-0694-4463-9B06-5F3FC1FDA1D1}.Release|x86.ActiveCfg = Release|Win32
		{306EC1F7-0694-4463-9B06-5F3FC1FDA1D1}.Release|x86.Build.0 = Release|Win32
		{0A3759E1-1E4C-4653-9DD9-61A9A3704D08}.Debug|x64.ActiveCfg = Debug|x64
		{0A3759E1-1E4C-4653-9DD9-61A9A3704D08}.Debug|x64.Build.0 = Debug|x64
		{0A3759E1-1E4C-4653-9DD9-61A9A3704D08}.Debug|x86.ActiveCfg = Debug|Win32
		{0A3759E1-1E4C-4653-9DD9-61A9A3704D08}.Debug|x86.Build.0 = Debug|Win32
		{0A3759E1-1E4C-4653-9DD9-61A9A3704D08}.Release|x64.ActiveCfg = Release|x64
		{0A3759E1-1E4C-4653-9DD9-61A9A3704D08}.Release|x64.Build.0 = Release|x64
		{0A3759E1-1E4C-4653-9DD9-61A9A3704D08}.Release|x86.ActiveCfg = Release|Win32
		{0A3759E1-1E4C-4653-9DD9-61A9A3704D08}.Release|x86.Build.0 = Release|Win32
		{56579E14-1DDE-4FA7-B867-E2AF73659FDA}.Debug|x64.ActiveCfg = Debug|x64
		{56579E14-1DDE-4FA7-B867-E2AF73659FDA}.Debug|x64.Build.0 = Debug|x64
		{56579E14-1DDE-4FA7-B867-E2AF73659FDA}.Debug|x86.ActiveCfg = Debug|Win32
		{56579E14-1DDE-4FA7-B867-E2AF73659FDA}.Debug|x86.Build.0 = Debug|Win32
		{56579E14-1DDE-4FA7-B867-E2AF73659FDA}.Release|x64.ActiveCfg = Release|x64
		{56579E14-1DDE-4FA7-B867-E2AF73659FDA}.Release|x64.Build.0 = Release|x64
		{56579E14-1DDE-4FA7-B867-E2AF73659FDA}.Release|x86.ActiveCfg = Release|Win32
		{56579E14-1DDE-4FA7-B867-E2AF73659FDA}.Release|x86.Build.0 = Release|Win32
	EndGlobalSection
	GlobalSection(SolutionProperties) = preSolution
		HideSolutionNode = FALSE
	EndGlobalSection
	GlobalSection(ExtensibilityGlobals) = postSolution
		SolutionGuid = {C6CE23EB-5944-4BFD-AEA0-E3E738E0F38B}
	EndGlobalSection
EndGlobal
