
Microsoft Visual Studio Solution File, Format Version 12.00
# Visual Studio Version 16
VisualStudioVersion = 16.0.29911.84
MinimumVisualStudioVersion = 10.0.40219.1
Project("{8BC9CEB8-8B4A-11D0-8D11-00A0C91BC942}") = "Project1", "Project1\Project1.vcxproj", "{8E8D9FFE-336B-4CE3-ADB9-7E8A9CAD9773}"
EndProject
Project("{8BC9CEB8-8B4A-11D0-8D11-00A0C91BC942}") = "Project2", "Project2\Project2.vcxproj", "{46EC6E53-2CBD-4713-B1D5-A5AA7E7C7BD8}"
EndProject
Project("{8BC9CEB8-8B4A-11D0-8D11-00A0C91BC942}") = "Project3", "Project3\Project3.vcxproj", "{DCFB20A5-795B-47F5-BDEA-3E43881CDDCA}"
EndProject
Project("{8BC9CEB8-8B4A-11D0-8D11-00A0C91BC942}") = "Project4", "Project4\Project4.vcxproj", "{B06444E9-BEE4-4CBE-81FB-6E4DEDFF581C}"
EndProject
Project("{8BC9CEB8-8B4A-11D0-8D11-00A0C91BC942}") = "Project5", "Project5\Project5.vcxproj", "{D26DDEBB-5219-4A15-B696-18A2BC50A425}"
EndProject
Project("{8BC9CEB8-8B4A-11D0-8D11-00A0C91BC942}") = "Project6", "Project6\Project6.vcxproj", "{8026D79A-6966-43FE-8286-94E66EA7B56F}"
EndProject
Project("{8BC9CEB8-8B4A-11D0-8D11-00A0C91BC942}") = "Project7", "Project7\Project7.vcxproj", "{03368D3E-8CBD-4B46-B71F-88E13E689430}"
EndProject
Project("{8BC9CEB8-8B4A-11D0-8D11-00A0C91BC942}") = "Project8", "Project8\Project8.vcxproj", "{D0A4A780-393F-4FCD-996B-1D96283E5B92}"
EndProject
Project("{8BC9CEB8-8B4A-11D0-8D11-00A0C91BC942}") = "Project9", "Project9\Project9.vcxproj", "{AAF2CF08-33E3-4ED0-9D2D-7625954DB338}"
EndProject
Project("{8BC9CEB8-8B4A-11D0-8D11-00A0C91BC942}") = "Project10", "Project10\Project10.vcxproj", "{8C9F8554-F5F5-40B7-B685-D3157497E075}"
EndProject
Project("{8BC9CEB8-8B4A-11D0-8D11-00A0C91BC942}") = "extra", "extra\extra.vcxproj", "{261195AF-0EF6-40A5-8F6C-A7DE2B095C5A}"
EndProject
Project("{8BC9CEB8-8B4A-11D0-8D11-00A0C91BC942}") = "정호", "정호\정호.vcxproj", "{F6BFACF9-652A-4335-85D6-4E5B02861E72}"
EndProject
Global
	GlobalSection(SolutionConfigurationPlatforms) = preSolution
		Debug|x64 = Debug|x64
		Debug|x86 = Debug|x86
		Release|x64 = Release|x64
		Release|x86 = Release|x86
	EndGlobalSection
	GlobalSection(ProjectConfigurationPlatforms) = postSolution
		{8E8D9FFE-336B-4CE3-ADB9-7E8A9CAD9773}.Debug|x64.ActiveCfg = Debug|x64
		{8E8D9FFE-336B-4CE3-ADB9-7E8A9CAD9773}.Debug|x64.Build.0 = Debug|x64
		{8E8D9FFE-336B-4CE3-ADB9-7E8A9CAD9773}.Debug|x86.ActiveCfg = Debug|Win32
		{8E8D9FFE-336B-4CE3-ADB9-7E8A9CAD9773}.Debug|x86.Build.0 = Debug|Win32
		{8E8D9FFE-336B-4CE3-ADB9-7E8A9CAD9773}.Release|x64.ActiveCfg = Release|x64
		{8E8D9FFE-336B-4CE3-ADB9-7E8A9CAD9773}.Release|x64.Build.0 = Release|x64
		{8E8D9FFE-336B-4CE3-ADB9-7E8A9CAD9773}.Release|x86.ActiveCfg = Release|Win32
		{8E8D9FFE-336B-4CE3-ADB9-7E8A9CAD9773}.Release|x86.Build.0 = Release|Win32
		{46EC6E53-2CBD-4713-B1D5-A5AA7E7C7BD8}.Debug|x64.ActiveCfg = Debug|x64
		{46EC6E53-2CBD-4713-B1D5-A5AA7E7C7BD8}.Debug|x64.Build.0 = Debug|x64
		{46EC6E53-2CBD-4713-B1D5-A5AA7E7C7BD8}.Debug|x86.ActiveCfg = Debug|Win32
		{46EC6E53-2CBD-4713-B1D5-A5AA7E7C7BD8}.Debug|x86.Build.0 = Debug|Win32
		{46EC6E53-2CBD-4713-B1D5-A5AA7E7C7BD8}.Release|x64.ActiveCfg = Release|x64
		{46EC6E53-2CBD-4713-B1D5-A5AA7E7C7BD8}.Release|x64.Build.0 = Release|x64
		{46EC6E53-2CBD-4713-B1D5-A5AA7E7C7BD8}.Release|x86.ActiveCfg = Release|Win32
		{46EC6E53-2CBD-4713-B1D5-A5AA7E7C7BD8}.Release|x86.Build.0 = Release|Win32
		{DCFB20A5-795B-47F5-BDEA-3E43881CDDCA}.Debug|x64.ActiveCfg = Debug|x64
		{DCFB20A5-795B-47F5-BDEA-3E43881CDDCA}.Debug|x64.Build.0 = Debug|x64
		{DCFB20A5-795B-47F5-BDEA-3E43881CDDCA}.Debug|x86.ActiveCfg = Debug|Win32
		{DCFB20A5-795B-47F5-BDEA-3E43881CDDCA}.Debug|x86.Build.0 = Debug|Win32
		{DCFB20A5-795B-47F5-BDEA-3E43881CDDCA}.Release|x64.ActiveCfg = Release|x64
		{DCFB20A5-795B-47F5-BDEA-3E43881CDDCA}.Release|x64.Build.0 = Release|x64
		{DCFB20A5-795B-47F5-BDEA-3E43881CDDCA}.Release|x86.ActiveCfg = Release|Win32
		{DCFB20A5-795B-47F5-BDEA-3E43881CDDCA}.Release|x86.Build.0 = Release|Win32
		{B06444E9-BEE4-4CBE-81FB-6E4DEDFF581C}.Debug|x64.ActiveCfg = Debug|x64
		{B06444E9-BEE4-4CBE-81FB-6E4DEDFF581C}.Debug|x64.Build.0 = Debug|x64
		{B06444E9-BEE4-4CBE-81FB-6E4DEDFF581C}.Debug|x86.ActiveCfg = Debug|Win32
		{B06444E9-BEE4-4CBE-81FB-6E4DEDFF581C}.Debug|x86.Build.0 = Debug|Win32
		{B06444E9-BEE4-4CBE-81FB-6E4DEDFF581C}.Release|x64.ActiveCfg = Release|x64
		{B06444E9-BEE4-4CBE-81FB-6E4DEDFF581C}.Release|x64.Build.0 = Release|x64
		{B06444E9-BEE4-4CBE-81FB-6E4DEDFF581C}.Release|x86.ActiveCfg = Release|Win32
		{B06444E9-BEE4-4CBE-81FB-6E4DEDFF581C}.Release|x86.Build.0 = Release|Win32
		{D26DDEBB-5219-4A15-B696-18A2BC50A425}.Debug|x64.ActiveCfg = Debug|x64
		{D26DDEBB-5219-4A15-B696-18A2BC50A425}.Debug|x64.Build.0 = Debug|x64
		{D26DDEBB-5219-4A15-B696-18A2BC50A425}.Debug|x86.ActiveCfg = Debug|Win32
		{D26DDEBB-5219-4A15-B696-18A2BC50A425}.Debug|x86.Build.0 = Debug|Win32
		{D26DDEBB-5219-4A15-B696-18A2BC50A425}.Release|x64.ActiveCfg = Release|x64
		{D26DDEBB-5219-4A15-B696-18A2BC50A425}.Release|x64.Build.0 = Release|x64
		{D26DDEBB-5219-4A15-B696-18A2BC50A425}.Release|x86.ActiveCfg = Release|Win32
		{D26DDEBB-5219-4A15-B696-18A2BC50A425}.Release|x86.Build.0 = Release|Win32
		{8026D79A-6966-43FE-8286-94E66EA7B56F}.Debug|x64.ActiveCfg = Debug|x64
		{8026D79A-6966-43FE-8286-94E66EA7B56F}.Debug|x64.Build.0 = Debug|x64
		{8026D79A-6966-43FE-8286-94E66EA7B56F}.Debug|x86.ActiveCfg = Debug|Win32
		{8026D79A-6966-43FE-8286-94E66EA7B56F}.Debug|x86.Build.0 = Debug|Win32
		{8026D79A-6966-43FE-8286-94E66EA7B56F}.Release|x64.ActiveCfg = Release|x64
		{8026D79A-6966-43FE-8286-94E66EA7B56F}.Release|x64.Build.0 = Release|x64
		{8026D79A-6966-43FE-8286-94E66EA7B56F}.Release|x86.ActiveCfg = Release|Win32
		{8026D79A-6966-43FE-8286-94E66EA7B56F}.Release|x86.Build.0 = Release|Win32
		{03368D3E-8CBD-4B46-B71F-88E13E689430}.Debug|x64.ActiveCfg = Debug|x64
		{03368D3E-8CBD-4B46-B71F-88E13E689430}.Debug|x64.Build.0 = Debug|x64
		{03368D3E-8CBD-4B46-B71F-88E13E689430}.Debug|x86.ActiveCfg = Debug|Win32
		{03368D3E-8CBD-4B46-B71F-88E13E689430}.Debug|x86.Build.0 = Debug|Win32
		{03368D3E-8CBD-4B46-B71F-88E13E689430}.Release|x64.ActiveCfg = Release|x64
		{03368D3E-8CBD-4B46-B71F-88E13E689430}.Release|x64.Build.0 = Release|x64
		{03368D3E-8CBD-4B46-B71F-88E13E689430}.Release|x86.ActiveCfg = Release|Win32
		{03368D3E-8CBD-4B46-B71F-88E13E689430}.Release|x86.Build.0 = Release|Win32
		{D0A4A780-393F-4FCD-996B-1D96283E5B92}.Debug|x64.ActiveCfg = Debug|x64
		{D0A4A780-393F-4FCD-996B-1D96283E5B92}.Debug|x64.Build.0 = Debug|x64
		{D0A4A780-393F-4FCD-996B-1D96283E5B92}.Debug|x86.ActiveCfg = Debug|Win32
		{D0A4A780-393F-4FCD-996B-1D96283E5B92}.Debug|x86.Build.0 = Debug|Win32
		{D0A4A780-393F-4FCD-996B-1D96283E5B92}.Release|x64.ActiveCfg = Release|x64
		{D0A4A780-393F-4FCD-996B-1D96283E5B92}.Release|x64.Build.0 = Release|x64
		{D0A4A780-393F-4FCD-996B-1D96283E5B92}.Release|x86.ActiveCfg = Release|Win32
		{D0A4A780-393F-4FCD-996B-1D96283E5B92}.Release|x86.Build.0 = Release|Win32
		{AAF2CF08-33E3-4ED0-9D2D-7625954DB338}.Debug|x64.ActiveCfg = Debug|x64
		{AAF2CF08-33E3-4ED0-9D2D-7625954DB338}.Debug|x64.Build.0 = Debug|x64
		{AAF2CF08-33E3-4ED0-9D2D-7625954DB338}.Debug|x86.ActiveCfg = Debug|Win32
		{AAF2CF08-33E3-4ED0-9D2D-7625954DB338}.Debug|x86.Build.0 = Debug|Win32
		{AAF2CF08-33E3-4ED0-9D2D-7625954DB338}.Release|x64.ActiveCfg = Release|x64
		{AAF2CF08-33E3-4ED0-9D2D-7625954DB338}.Release|x64.Build.0 = Release|x64
		{AAF2CF08-33E3-4ED0-9D2D-7625954DB338}.Release|x86.ActiveCfg = Release|Win32
		{AAF2CF08-33E3-4ED0-9D2D-7625954DB338}.Release|x86.Build.0 = Release|Win32
		{8C9F8554-F5F5-40B7-B685-D3157497E075}.Debug|x64.ActiveCfg = Debug|x64
		{8C9F8554-F5F5-40B7-B685-D3157497E075}.Debug|x64.Build.0 = Debug|x64
		{8C9F8554-F5F5-40B7-B685-D3157497E075}.Debug|x86.ActiveCfg = Debug|Win32
		{8C9F8554-F5F5-40B7-B685-D3157497E075}.Debug|x86.Build.0 = Debug|Win32
		{8C9F8554-F5F5-40B7-B685-D3157497E075}.Release|x64.ActiveCfg = Release|x64
		{8C9F8554-F5F5-40B7-B685-D3157497E075}.Release|x64.Build.0 = Release|x64
		{8C9F8554-F5F5-40B7-B685-D3157497E075}.Release|x86.ActiveCfg = Release|Win32
		{8C9F8554-F5F5-40B7-B685-D3157497E075}.Release|x86.Build.0 = Release|Win32
		{261195AF-0EF6-40A5-8F6C-A7DE2B095C5A}.Debug|x64.ActiveCfg = Debug|x64
		{261195AF-0EF6-40A5-8F6C-A7DE2B095C5A}.Debug|x64.Build.0 = Debug|x64
		{261195AF-0EF6-40A5-8F6C-A7DE2B095C5A}.Debug|x86.ActiveCfg = Debug|Win32
		{261195AF-0EF6-40A5-8F6C-A7DE2B095C5A}.Debug|x86.Build.0 = Debug|Win32
		{261195AF-0EF6-40A5-8F6C-A7DE2B095C5A}.Release|x64.ActiveCfg = Release|x64
		{261195AF-0EF6-40A5-8F6C-A7DE2B095C5A}.Release|x64.Build.0 = Release|x64
		{261195AF-0EF6-40A5-8F6C-A7DE2B095C5A}.Release|x86.ActiveCfg = Release|Win32
		{261195AF-0EF6-40A5-8F6C-A7DE2B095C5A}.Release|x86.Build.0 = Release|Win32
		{F6BFACF9-652A-4335-85D6-4E5B02861E72}.Debug|x64.ActiveCfg = Debug|x64
		{F6BFACF9-652A-4335-85D6-4E5B02861E72}.Debug|x64.Build.0 = Debug|x64
		{F6BFACF9-652A-4335-85D6-4E5B02861E72}.Debug|x86.ActiveCfg = Debug|Win32
		{F6BFACF9-652A-4335-85D6-4E5B02861E72}.Debug|x86.Build.0 = Debug|Win32
		{F6BFACF9-652A-4335-85D6-4E5B02861E72}.Release|x64.ActiveCfg = Release|x64
		{F6BFACF9-652A-4335-85D6-4E5B02861E72}.Release|x64.Build.0 = Release|x64
		{F6BFACF9-652A-4335-85D6-4E5B02861E72}.Release|x86.ActiveCfg = Release|Win32
		{F6BFACF9-652A-4335-85D6-4E5B02861E72}.Release|x86.Build.0 = Release|Win32
	EndGlobalSection
	GlobalSection(SolutionProperties) = preSolution
		HideSolutionNode = FALSE
	EndGlobalSection
	GlobalSection(ExtensibilityGlobals) = postSolution
		SolutionGuid = {45E50AC9-0A6B-4584-AAF7-BB7387A887F7}
	EndGlobalSection
EndGlobal
