
Microsoft Visual Studio Solution File, Format Version 12.00
# Visual Studio Version 16
VisualStudioVersion = 16.0.29911.84
MinimumVisualStudioVersion = 10.0.40219.1
Project("{8BC9CEB8-8B4A-11D0-8D11-00A0C91BC942}") = "REP7_1", "REP7_1\REP7_1.vcxproj", "{AD1D835F-52D8-4D4F-A835-A624439842EF}"
EndProject
Project("{8BC9CEB8-8B4A-11D0-8D11-00A0C91BC942}") = "REP7_2", "REP7_2\REP7_2.vcxproj", "{3EB29297-9241-4242-ACD0-AD4D0850EBA1}"
EndProject
Project("{8BC9CEB8-8B4A-11D0-8D11-00A0C91BC942}") = "REP7_3", "REP7_3\REP7_3.vcxproj", "{35A14CE9-516A-4DF0-953D-268233E24C8F}"
EndProject
Project("{8BC9CEB8-8B4A-11D0-8D11-00A0C91BC942}") = "REP7_4", "REP7_4\REP7_4.vcxproj", "{99FFA3C6-9404-44FD-9BDB-4212BC134DED}"
EndProject
Project("{8BC9CEB8-8B4A-11D0-8D11-00A0C91BC942}") = "REP7_5", "REP7_5\REP7_5.vcxproj", "{56DCD366-6009-4DE1-85A6-88810A14AB0F}"
EndProject
Project("{8BC9CEB8-8B4A-11D0-8D11-00A0C91BC942}") = "REP_Lotto_0", "REP_Lotto_0\REP_Lotto_0.vcxproj", "{5F2F5882-31A1-49F5-9328-2DAA4369D4D7}"
EndProject
Project("{8BC9CEB8-8B4A-11D0-8D11-00A0C91BC942}") = "REP_Lotto_1", "REP_Lotto_1\REP_Lotto_1.vcxproj", "{BFB0FBD8-B9A6-4E7D-8681-1D9E6B1A9B31}"
EndProject
Project("{8BC9CEB8-8B4A-11D0-8D11-00A0C91BC942}") = "REP_Lotto_1b", "REP_Lotto_1b\REP_Lotto_1b.vcxproj", "{ED6FF41B-F5EC-4A23-891A-AC6795792758}"
EndProject
Project("{8BC9CEB8-8B4A-11D0-8D11-00A0C91BC942}") = "ch9_recur_func", "ch9_recur_func\ch9_recur_func.vcxproj", "{B95A8489-ADA0-4D38-83C4-CF0D1BF7F6EF}"
EndProject
Project("{8BC9CEB8-8B4A-11D0-8D11-00A0C91BC942}") = "ch9_recur_func2", "ch9_recur_func2\ch9_recur_func2.vcxproj", "{79FA3DEA-5E6C-4637-BD97-9DC3789CC16E}"
EndProject
Project("{8BC9CEB8-8B4A-11D0-8D11-00A0C91BC942}") = "ch9_stdarg", "ch9_stdarg\ch9_stdarg.vcxproj", "{5311A8D0-B655-4538-8B9F-ACC05357F274}"
EndProject
Project("{8BC9CEB8-8B4A-11D0-8D11-00A0C91BC942}") = "ch10_array1", "ch10_array1\ch10_array1.vcxproj", "{8B321365-EFF1-4F22-B498-9C0F133DF7DE}"
EndProject
Global
	GlobalSection(SolutionConfigurationPlatforms) = preSolution
		Debug|x64 = Debug|x64
		Debug|x86 = Debug|x86
		Release|x64 = Release|x64
		Release|x86 = Release|x86
	EndGlobalSection
	GlobalSection(ProjectConfigurationPlatforms) = postSolution
		{AD1D835F-52D8-4D4F-A835-A624439842EF}.Debug|x64.ActiveCfg = Debug|x64
		{AD1D835F-52D8-4D4F-A835-A624439842EF}.Debug|x64.Build.0 = Debug|x64
		{AD1D835F-52D8-4D4F-A835-A624439842EF}.Debug|x86.ActiveCfg = Debug|Win32
		{AD1D835F-52D8-4D4F-A835-A624439842EF}.Debug|x86.Build.0 = Debug|Win32
		{AD1D835F-52D8-4D4F-A835-A624439842EF}.Release|x64.ActiveCfg = Release|x64
		{AD1D835F-52D8-4D4F-A835-A624439842EF}.Release|x64.Build.0 = Release|x64
		{AD1D835F-52D8-4D4F-A835-A624439842EF}.Release|x86.ActiveCfg = Release|Win32
		{AD1D835F-52D8-4D4F-A835-A624439842EF}.Release|x86.Build.0 = Release|Win32
		{3EB29297-9241-4242-ACD0-AD4D0850EBA1}.Debug|x64.ActiveCfg = Debug|x64
		{3EB29297-9241-4242-ACD0-AD4D0850EBA1}.Debug|x64.Build.0 = Debug|x64
		{3EB29297-9241-4242-ACD0-AD4D0850EBA1}.Debug|x86.ActiveCfg = Debug|Win32
		{3EB29297-9241-4242-ACD0-AD4D0850EBA1}.Debug|x86.Build.0 = Debug|Win32
		{3EB29297-9241-4242-ACD0-AD4D0850EBA1}.Release|x64.ActiveCfg = Release|x64
		{3EB29297-9241-4242-ACD0-AD4D0850EBA1}.Release|x64.Build.0 = Release|x64
		{3EB29297-9241-4242-ACD0-AD4D0850EBA1}.Release|x86.ActiveCfg = Release|Win32
		{3EB29297-9241-4242-ACD0-AD4D0850EBA1}.Release|x86.Build.0 = Release|Win32
		{35A14CE9-516A-4DF0-953D-268233E24C8F}.Debug|x64.ActiveCfg = Debug|x64
		{35A14CE9-516A-4DF0-953D-268233E24C8F}.Debug|x64.Build.0 = Debug|x64
		{35A14CE9-516A-4DF0-953D-268233E24C8F}.Debug|x86.ActiveCfg = Debug|Win32
		{35A14CE9-516A-4DF0-953D-268233E24C8F}.Debug|x86.Build.0 = Debug|Win32
		{35A14CE9-516A-4DF0-953D-268233E24C8F}.Release|x64.ActiveCfg = Release|x64
		{35A14CE9-516A-4DF0-953D-268233E24C8F}.Release|x64.Build.0 = Release|x64
		{35A14CE9-516A-4DF0-953D-268233E24C8F}.Release|x86.ActiveCfg = Release|Win32
		{35A14CE9-516A-4DF0-953D-268233E24C8F}.Release|x86.Build.0 = Release|Win32
		{99FFA3C6-9404-44FD-9BDB-4212BC134DED}.Debug|x64.ActiveCfg = Debug|x64
		{99FFA3C6-9404-44FD-9BDB-4212BC134DED}.Debug|x64.Build.0 = Debug|x64
		{99FFA3C6-9404-44FD-9BDB-4212BC134DED}.Debug|x86.ActiveCfg = Debug|Win32
		{99FFA3C6-9404-44FD-9BDB-4212BC134DED}.Debug|x86.Build.0 = Debug|Win32
		{99FFA3C6-9404-44FD-9BDB-4212BC134DED}.Release|x64.ActiveCfg = Release|x64
		{99FFA3C6-9404-44FD-9BDB-4212BC134DED}.Release|x64.Build.0 = Release|x64
		{99FFA3C6-9404-44FD-9BDB-4212BC134DED}.Release|x86.ActiveCfg = Release|Win32
		{99FFA3C6-9404-44FD-9BDB-4212BC134DED}.Release|x86.Build.0 = Release|Win32
		{56DCD366-6009-4DE1-85A6-88810A14AB0F}.Debug|x64.ActiveCfg = Debug|x64
		{56DCD366-6009-4DE1-85A6-88810A14AB0F}.Debug|x64.Build.0 = Debug|x64
		{56DCD366-6009-4DE1-85A6-88810A14AB0F}.Debug|x86.ActiveCfg = Debug|Win32
		{56DCD366-6009-4DE1-85A6-88810A14AB0F}.Debug|x86.Build.0 = Debug|Win32
		{56DCD366-6009-4DE1-85A6-88810A14AB0F}.Release|x64.ActiveCfg = Release|x64
		{56DCD366-6009-4DE1-85A6-88810A14AB0F}.Release|x64.Build.0 = Release|x64
		{56DCD366-6009-4DE1-85A6-88810A14AB0F}.Release|x86.ActiveCfg = Release|Win32
		{56DCD366-6009-4DE1-85A6-88810A14AB0F}.Release|x86.Build.0 = Release|Win32
		{5F2F5882-31A1-49F5-9328-2DAA4369D4D7}.Debug|x64.ActiveCfg = Debug|x64
		{5F2F5882-31A1-49F5-9328-2DAA4369D4D7}.Debug|x64.Build.0 = Debug|x64
		{5F2F5882-31A1-49F5-9328-2DAA4369D4D7}.Debug|x86.ActiveCfg = Debug|Win32
		{5F2F5882-31A1-49F5-9328-2DAA4369D4D7}.Debug|x86.Build.0 = Debug|Win32
		{5F2F5882-31A1-49F5-9328-2DAA4369D4D7}.Release|x64.ActiveCfg = Release|x64
		{5F2F5882-31A1-49F5-9328-2DAA4369D4D7}.Release|x64.Build.0 = Release|x64
		{5F2F5882-31A1-49F5-9328-2DAA4369D4D7}.Release|x86.ActiveCfg = Release|Win32
		{5F2F5882-31A1-49F5-9328-2DAA4369D4D7}.Release|x86.Build.0 = Release|Win32
		{BFB0FBD8-B9A6-4E7D-8681-1D9E6B1A9B31}.Debug|x64.ActiveCfg = Debug|x64
		{BFB0FBD8-B9A6-4E7D-8681-1D9E6B1A9B31}.Debug|x64.Build.0 = Debug|x64
		{BFB0FBD8-B9A6-4E7D-8681-1D9E6B1A9B31}.Debug|x86.ActiveCfg = Debug|Win32
		{BFB0FBD8-B9A6-4E7D-8681-1D9E6B1A9B31}.Debug|x86.Build.0 = Debug|Win32
		{BFB0FBD8-B9A6-4E7D-8681-1D9E6B1A9B31}.Release|x64.ActiveCfg = Release|x64
		{BFB0FBD8-B9A6-4E7D-8681-1D9E6B1A9B31}.Release|x64.Build.0 = Release|x64
		{BFB0FBD8-B9A6-4E7D-8681-1D9E6B1A9B31}.Release|x86.ActiveCfg = Release|Win32
		{BFB0FBD8-B9A6-4E7D-8681-1D9E6B1A9B31}.Release|x86.Build.0 = Release|Win32
		{ED6FF41B-F5EC-4A23-891A-AC6795792758}.Debug|x64.ActiveCfg = Debug|x64
		{ED6FF41B-F5EC-4A23-891A-AC6795792758}.Debug|x64.Build.0 = Debug|x64
		{ED6FF41B-F5EC-4A23-891A-AC6795792758}.Debug|x86.ActiveCfg = Debug|Win32
		{ED6FF41B-F5EC-4A23-891A-AC6795792758}.Debug|x86.Build.0 = Debug|Win32
		{ED6FF41B-F5EC-4A23-891A-AC6795792758}.Release|x64.ActiveCfg = Release|x64
		{ED6FF41B-F5EC-4A23-891A-AC6795792758}.Release|x64.Build.0 = Release|x64
		{ED6FF41B-F5EC-4A23-891A-AC6795792758}.Release|x86.ActiveCfg = Release|Win32
		{ED6FF41B-F5EC-4A23-891A-AC6795792758}.Release|x86.Build.0 = Release|Win32
		{B95A8489-ADA0-4D38-83C4-CF0D1BF7F6EF}.Debug|x64.ActiveCfg = Debug|x64
		{B95A8489-ADA0-4D38-83C4-CF0D1BF7F6EF}.Debug|x64.Build.0 = Debug|x64
		{B95A8489-ADA0-4D38-83C4-CF0D1BF7F6EF}.Debug|x86.ActiveCfg = Debug|Win32
		{B95A8489-ADA0-4D38-83C4-CF0D1BF7F6EF}.Debug|x86.Build.0 = Debug|Win32
		{B95A8489-ADA0-4D38-83C4-CF0D1BF7F6EF}.Release|x64.ActiveCfg = Release|x64
		{B95A8489-ADA0-4D38-83C4-CF0D1BF7F6EF}.Release|x64.Build.0 = Release|x64
		{B95A8489-ADA0-4D38-83C4-CF0D1BF7F6EF}.Release|x86.ActiveCfg = Release|Win32
		{B95A8489-ADA0-4D38-83C4-CF0D1BF7F6EF}.Release|x86.Build.0 = Release|Win32
		{79FA3DEA-5E6C-4637-BD97-9DC3789CC16E}.Debug|x64.ActiveCfg = Debug|x64
		{79FA3DEA-5E6C-4637-BD97-9DC3789CC16E}.Debug|x64.Build.0 = Debug|x64
		{79FA3DEA-5E6C-4637-BD97-9DC3789CC16E}.Debug|x86.ActiveCfg = Debug|Win32
		{79FA3DEA-5E6C-4637-BD97-9DC3789CC16E}.Debug|x86.Build.0 = Debug|Win32
		{79FA3DEA-5E6C-4637-BD97-9DC3789CC16E}.Release|x64.ActiveCfg = Release|x64
		{79FA3DEA-5E6C-4637-BD97-9DC3789CC16E}.Release|x64.Build.0 = Release|x64
		{79FA3DEA-5E6C-4637-BD97-9DC3789CC16E}.Release|x86.ActiveCfg = Release|Win32
		{79FA3DEA-5E6C-4637-BD97-9DC3789CC16E}.Release|x86.Build.0 = Release|Win32
		{5311A8D0-B655-4538-8B9F-ACC05357F274}.Debug|x64.ActiveCfg = Debug|x64
		{5311A8D0-B655-4538-8B9F-ACC05357F274}.Debug|x64.Build.0 = Debug|x64
		{5311A8D0-B655-4538-8B9F-ACC05357F274}.Debug|x86.ActiveCfg = Debug|Win32
		{5311A8D0-B655-4538-8B9F-ACC05357F274}.Debug|x86.Build.0 = Debug|Win32
		{5311A8D0-B655-4538-8B9F-ACC05357F274}.Release|x64.ActiveCfg = Release|x64
		{5311A8D0-B655-4538-8B9F-ACC05357F274}.Release|x64.Build.0 = Release|x64
		{5311A8D0-B655-4538-8B9F-ACC05357F274}.Release|x86.ActiveCfg = Release|Win32
		{5311A8D0-B655-4538-8B9F-ACC05357F274}.Release|x86.Build.0 = Release|Win32
		{8B321365-EFF1-4F22-B498-9C0F133DF7DE}.Debug|x64.ActiveCfg = Debug|x64
		{8B321365-EFF1-4F22-B498-9C0F133DF7DE}.Debug|x64.Build.0 = Debug|x64
		{8B321365-EFF1-4F22-B498-9C0F133DF7DE}.Debug|x86.ActiveCfg = Debug|Win32
		{8B321365-EFF1-4F22-B498-9C0F133DF7DE}.Debug|x86.Build.0 = Debug|Win32
		{8B321365-EFF1-4F22-B498-9C0F133DF7DE}.Release|x64.ActiveCfg = Release|x64
		{8B321365-EFF1-4F22-B498-9C0F133DF7DE}.Release|x64.Build.0 = Release|x64
		{8B321365-EFF1-4F22-B498-9C0F133DF7DE}.Release|x86.ActiveCfg = Release|Win32
		{8B321365-EFF1-4F22-B498-9C0F133DF7DE}.Release|x86.Build.0 = Release|Win32
	EndGlobalSection
	GlobalSection(SolutionProperties) = preSolution
		HideSolutionNode = FALSE
	EndGlobalSection
	GlobalSection(ExtensibilityGlobals) = postSolution
		SolutionGuid = {6F139E5A-AAE6-4FAB-8CE3-58EE4C13A9FD}
	EndGlobalSection
EndGlobal
