
Microsoft Visual Studio Solution File, Format Version 12.00
# Visual Studio Version 16
VisualStudioVersion = 16.0.29911.84
MinimumVisualStudioVersion = 10.0.40219.1
Project("{8BC9CEB8-8B4A-11D0-8D11-00A0C91BC942}") = "1", "1\1.vcxproj", "{D7AF39C5-F85F-4222-BD4A-5CCF04280CB0}"
EndProject
Project("{8BC9CEB8-8B4A-11D0-8D11-00A0C91BC942}") = "2", "2\2.vcxproj", "{EA13E4C4-8E13-4C76-B0D6-F51FBC36EB7B}"
EndProject
Project("{8BC9CEB8-8B4A-11D0-8D11-00A0C91BC942}") = "3", "3\3.vcxproj", "{0160DECF-676E-4F6D-99F4-289EB23CF11F}"
EndProject
Project("{8BC9CEB8-8B4A-11D0-8D11-00A0C91BC942}") = "4", "4\4.vcxproj", "{39076DF2-F4A2-48FF-A670-0EBBC1521D00}"
EndProject
Project("{8BC9CEB8-8B4A-11D0-8D11-00A0C91BC942}") = "5", "5\5.vcxproj", "{1DC82613-FA85-4FC2-8EAF-EE2BB5BC2480}"
EndProject
Project("{8BC9CEB8-8B4A-11D0-8D11-00A0C91BC942}") = "6", "6\6.vcxproj", "{63261507-18A4-443C-B01E-BF1FFB0E95DD}"
EndProject
Project("{8BC9CEB8-8B4A-11D0-8D11-00A0C91BC942}") = "7", "7\7.vcxproj", "{6BE2420B-E754-4CE8-812F-0BAEAE046858}"
EndProject
Project("{8BC9CEB8-8B4A-11D0-8D11-00A0C91BC942}") = "8", "8\8.vcxproj", "{E4A71B3D-50A4-41F1-9D99-7D679A591279}"
EndProject
Project("{8BC9CEB8-8B4A-11D0-8D11-00A0C91BC942}") = "9", "9\9.vcxproj", "{E36302D9-FAE1-432B-BD4D-DF074EC2D084}"
EndProject
Project("{8BC9CEB8-8B4A-11D0-8D11-00A0C91BC942}") = "10", "10\10.vcxproj", "{D950EA72-1F26-4AF6-B439-0E331312764A}"
EndProject
Global
	GlobalSection(SolutionConfigurationPlatforms) = preSolution
		Debug|x64 = Debug|x64
		Debug|x86 = Debug|x86
		Release|x64 = Release|x64
		Release|x86 = Release|x86
	EndGlobalSection
	GlobalSection(ProjectConfigurationPlatforms) = postSolution
		{D7AF39C5-F85F-4222-BD4A-5CCF04280CB0}.Debug|x64.ActiveCfg = Debug|x64
		{D7AF39C5-F85F-4222-BD4A-5CCF04280CB0}.Debug|x64.Build.0 = Debug|x64
		{D7AF39C5-F85F-4222-BD4A-5CCF04280CB0}.Debug|x86.ActiveCfg = Debug|Win32
		{D7AF39C5-F85F-4222-BD4A-5CCF04280CB0}.Debug|x86.Build.0 = Debug|Win32
		{D7AF39C5-F85F-4222-BD4A-5CCF04280CB0}.Release|x64.ActiveCfg = Release|x64
		{D7AF39C5-F85F-4222-BD4A-5CCF04280CB0}.Release|x64.Build.0 = Release|x64
		{D7AF39C5-F85F-4222-BD4A-5CCF04280CB0}.Release|x86.ActiveCfg = Release|Win32
		{D7AF39C5-F85F-4222-BD4A-5CCF04280CB0}.Release|x86.Build.0 = Release|Win32
		{EA13E4C4-8E13-4C76-B0D6-F51FBC36EB7B}.Debug|x64.ActiveCfg = Debug|x64
		{EA13E4C4-8E13-4C76-B0D6-F51FBC36EB7B}.Debug|x64.Build.0 = Debug|x64
		{EA13E4C4-8E13-4C76-B0D6-F51FBC36EB7B}.Debug|x86.ActiveCfg = Debug|Win32
		{EA13E4C4-8E13-4C76-B0D6-F51FBC36EB7B}.Debug|x86.Build.0 = Debug|Win32
		{EA13E4C4-8E13-4C76-B0D6-F51FBC36EB7B}.Release|x64.ActiveCfg = Release|x64
		{EA13E4C4-8E13-4C76-B0D6-F51FBC36EB7B}.Release|x64.Build.0 = Release|x64
		{EA13E4C4-8E13-4C76-B0D6-F51FBC36EB7B}.Release|x86.ActiveCfg = Release|Win32
		{EA13E4C4-8E13-4C76-B0D6-F51FBC36EB7B}.Release|x86.Build.0 = Release|Win32
		{0160DECF-676E-4F6D-99F4-289EB23CF11F}.Debug|x64.ActiveCfg = Debug|x64
		{0160DECF-676E-4F6D-99F4-289EB23CF11F}.Debug|x64.Build.0 = Debug|x64
		{0160DECF-676E-4F6D-99F4-289EB23CF11F}.Debug|x86.ActiveCfg = Debug|Win32
		{0160DECF-676E-4F6D-99F4-289EB23CF11F}.Debug|x86.Build.0 = Debug|Win32
		{0160DECF-676E-4F6D-99F4-289EB23CF11F}.Release|x64.ActiveCfg = Release|x64
		{0160DECF-676E-4F6D-99F4-289EB23CF11F}.Release|x64.Build.0 = Release|x64
		{0160DECF-676E-4F6D-99F4-289EB23CF11F}.Release|x86.ActiveCfg = Release|Win32
		{0160DECF-676E-4F6D-99F4-289EB23CF11F}.Release|x86.Build.0 = Release|Win32
		{39076DF2-F4A2-48FF-A670-0EBBC1521D00}.Debug|x64.ActiveCfg = Debug|x64
		{39076DF2-F4A2-48FF-A670-0EBBC1521D00}.Debug|x64.Build.0 = Debug|x64
		{39076DF2-F4A2-48FF-A670-0EBBC1521D00}.Debug|x86.ActiveCfg = Debug|Win32
		{39076DF2-F4A2-48FF-A670-0EBBC1521D00}.Debug|x86.Build.0 = Debug|Win32
		{39076DF2-F4A2-48FF-A670-0EBBC1521D00}.Release|x64.ActiveCfg = Release|x64
		{39076DF2-F4A2-48FF-A670-0EBBC1521D00}.Release|x64.Build.0 = Release|x64
		{39076DF2-F4A2-48FF-A670-0EBBC1521D00}.Release|x86.ActiveCfg = Release|Win32
		{39076DF2-F4A2-48FF-A670-0EBBC1521D00}.Release|x86.Build.0 = Release|Win32
		{1DC82613-FA85-4FC2-8EAF-EE2BB5BC2480}.Debug|x64.ActiveCfg = Debug|x64
		{1DC82613-FA85-4FC2-8EAF-EE2BB5BC2480}.Debug|x64.Build.0 = Debug|x64
		{1DC82613-FA85-4FC2-8EAF-EE2BB5BC2480}.Debug|x86.ActiveCfg = Debug|Win32
		{1DC82613-FA85-4FC2-8EAF-EE2BB5BC2480}.Debug|x86.Build.0 = Debug|Win32
		{1DC82613-FA85-4FC2-8EAF-EE2BB5BC2480}.Release|x64.ActiveCfg = Release|x64
		{1DC82613-FA85-4FC2-8EAF-EE2BB5BC2480}.Release|x64.Build.0 = Release|x64
		{1DC82613-FA85-4FC2-8EAF-EE2BB5BC2480}.Release|x86.ActiveCfg = Release|Win32
		{1DC82613-FA85-4FC2-8EAF-EE2BB5BC2480}.Release|x86.Build.0 = Release|Win32
		{63261507-18A4-443C-B01E-BF1FFB0E95DD}.Debug|x64.ActiveCfg = Debug|x64
		{63261507-18A4-443C-B01E-BF1FFB0E95DD}.Debug|x64.Build.0 = Debug|x64
		{63261507-18A4-443C-B01E-BF1FFB0E95DD}.Debug|x86.ActiveCfg = Debug|Win32
		{63261507-18A4-443C-B01E-BF1FFB0E95DD}.Debug|x86.Build.0 = Debug|Win32
		{63261507-18A4-443C-B01E-BF1FFB0E95DD}.Release|x64.ActiveCfg = Release|x64
		{63261507-18A4-443C-B01E-BF1FFB0E95DD}.Release|x64.Build.0 = Release|x64
		{63261507-18A4-443C-B01E-BF1FFB0E95DD}.Release|x86.ActiveCfg = Release|Win32
		{63261507-18A4-443C-B01E-BF1FFB0E95DD}.Release|x86.Build.0 = Release|Win32
		{6BE2420B-E754-4CE8-812F-0BAEAE046858}.Debug|x64.ActiveCfg = Debug|x64
		{6BE2420B-E754-4CE8-812F-0BAEAE046858}.Debug|x64.Build.0 = Debug|x64
		{6BE2420B-E754-4CE8-812F-0BAEAE046858}.Debug|x86.ActiveCfg = Debug|Win32
		{6BE2420B-E754-4CE8-812F-0BAEAE046858}.Debug|x86.Build.0 = Debug|Win32
		{6BE2420B-E754-4CE8-812F-0BAEAE046858}.Release|x64.ActiveCfg = Release|x64
		{6BE2420B-E754-4CE8-812F-0BAEAE046858}.Release|x64.Build.0 = Release|x64
		{6BE2420B-E754-4CE8-812F-0BAEAE046858}.Release|x86.ActiveCfg = Release|Win32
		{6BE2420B-E754-4CE8-812F-0BAEAE046858}.Release|x86.Build.0 = Release|Win32
		{E4A71B3D-50A4-41F1-9D99-7D679A591279}.Debug|x64.ActiveCfg = Debug|x64
		{E4A71B3D-50A4-41F1-9D99-7D679A591279}.Debug|x64.Build.0 = Debug|x64
		{E4A71B3D-50A4-41F1-9D99-7D679A591279}.Debug|x86.ActiveCfg = Debug|Win32
		{E4A71B3D-50A4-41F1-9D99-7D679A591279}.Debug|x86.Build.0 = Debug|Win32
		{E4A71B3D-50A4-41F1-9D99-7D679A591279}.Release|x64.ActiveCfg = Release|x64
		{E4A71B3D-50A4-41F1-9D99-7D679A591279}.Release|x64.Build.0 = Release|x64
		{E4A71B3D-50A4-41F1-9D99-7D679A591279}.Release|x86.ActiveCfg = Release|Win32
		{E4A71B3D-50A4-41F1-9D99-7D679A591279}.Release|x86.Build.0 = Release|Win32
		{E36302D9-FAE1-432B-BD4D-DF074EC2D084}.Debug|x64.ActiveCfg = Debug|x64
		{E36302D9-FAE1-432B-BD4D-DF074EC2D084}.Debug|x64.Build.0 = Debug|x64
		{E36302D9-FAE1-432B-BD4D-DF074EC2D084}.Debug|x86.ActiveCfg = Debug|Win32
		{E36302D9-FAE1-432B-BD4D-DF074EC2D084}.Debug|x86.Build.0 = Debug|Win32
		{E36302D9-FAE1-432B-BD4D-DF074EC2D084}.Release|x64.ActiveCfg = Release|x64
		{E36302D9-FAE1-432B-BD4D-DF074EC2D084}.Release|x64.Build.0 = Release|x64
		{E36302D9-FAE1-432B-BD4D-DF074EC2D084}.Release|x86.ActiveCfg = Release|Win32
		{E36302D9-FAE1-432B-BD4D-DF074EC2D084}.Release|x86.Build.0 = Release|Win32
		{D950EA72-1F26-4AF6-B439-0E331312764A}.Debug|x64.ActiveCfg = Debug|x64
		{D950EA72-1F26-4AF6-B439-0E331312764A}.Debug|x64.Build.0 = Debug|x64
		{D950EA72-1F26-4AF6-B439-0E331312764A}.Debug|x86.ActiveCfg = Debug|Win32
		{D950EA72-1F26-4AF6-B439-0E331312764A}.Debug|x86.Build.0 = Debug|Win32
		{D950EA72-1F26-4AF6-B439-0E331312764A}.Release|x64.ActiveCfg = Release|x64
		{D950EA72-1F26-4AF6-B439-0E331312764A}.Release|x64.Build.0 = Release|x64
		{D950EA72-1F26-4AF6-B439-0E331312764A}.Release|x86.ActiveCfg = Release|Win32
		{D950EA72-1F26-4AF6-B439-0E331312764A}.Release|x86.Build.0 = Release|Win32
	EndGlobalSection
	GlobalSection(SolutionProperties) = preSolution
		HideSolutionNode = FALSE
	EndGlobalSection
	GlobalSection(ExtensibilityGlobals) = postSolution
		SolutionGuid = {6C08A658-85C8-4265-8B7C-45C2D211740A}
	EndGlobalSection
EndGlobal
